
Microsoft Visual Studio Solution File, Format Version 12.00
# Visual Studio Version 17
VisualStudioVersion = 17.5.33424.131
MinimumVisualStudioVersion = 10.0.40219.1
Project("{FAE04EC0-301F-11D3-BF4B-00C04F79EFBC}") = "OBL Zoho", "OBL Zoho.csproj", "{DCEF3924-ABF5-437B-8DB3-B1D35408CACF}"
EndProject
Global
	GlobalSection(SolutionConfigurationPlatforms) = preSolution
		Debug|Any CPU = Debug|Any CPU
		Release|Any CPU = Release|Any CPU
	EndGlobalSection
	GlobalSection(ProjectConfigurationPlatforms) = postSolution
		{DCEF3924-ABF5-437B-8DB3-B1D35408CACF}.Debug|Any CPU.ActiveCfg = Debug|Any CPU
		{DCEF3924-ABF5-437B-8DB3-B1D35408CACF}.Debug|Any CPU.Build.0 = Debug|Any CPU
		{DCEF3924-ABF5-437B-8DB3-B1D35408CACF}.Release|Any CPU.ActiveCfg = Release|Any CPU
		{DCEF3924-ABF5-437B-8DB3-B1D35408CACF}.Release|Any CPU.Build.0 = Release|Any CPU
	EndGlobalSection
	GlobalSection(SolutionProperties) = preSolution
		HideSolutionNode = FALSE
	EndGlobalSection
	GlobalSection(ExtensibilityGlobals) = postSolution
		SolutionGuid = {FB98539A-650E-484B-9A4B-E16E9C67C15A}
	EndGlobalSection
EndGlobal
